Microsoft Visual Studio Solution File, Format Version 12.00
# Visual Studio Version 17
VisualStudioVersion = 17.5.2.0
MinimumVisualStudioVersion = 10.0.40219.1
Project("{FAE04EC0-301F-11D3-BF4B-00C04F79EFBC}") = "WhatsappGeminiDocker", "WhatsappGeminiDocker.csproj", "{92E44E4B-F52F-26FB-D482-51A924A849CF}"
EndProject
Global
	GlobalSection(SolutionConfigurationPlatforms) = preSolution
		Debug|Any CPU = Debug|Any CPU
		Release|Any CPU = Release|Any CPU
	EndGlobalSection
	GlobalSection(ProjectConfigurationPlatforms) = postSolution
		{92E44E4B-F52F-26FB-D482-51A924A849CF}.Debug|Any CPU.ActiveCfg = Debug|Any CPU
		{92E44E4B-F52F-26FB-D482-51A924A849CF}.Debug|Any CPU.Build.0 = Debug|Any CPU
		{92E44E4B-F52F-26FB-D482-51A924A849CF}.Release|Any CPU.ActiveCfg = Release|Any CPU
		{92E44E4B-F52F-26FB-D482-51A924A849CF}.Release|Any CPU.Build.0 = Release|Any CPU
	EndGlobalSection
	GlobalSection(SolutionProperties) = preSolution
		HideSolutionNode = FALSE
	EndGlobalSection
	GlobalSection(ExtensibilityGlobals) = postSolution
		SolutionGuid = {730AC960-4355-4CB8-9A4B-5C1140E6E38B}
	EndGlobalSection
EndGlobal
